
Microsoft Visual Studio Solution File, Format Version 12.00
# Visual Studio Version 17
VisualStudioVersion = 17.7.34202.233
MinimumVisualStudioVersion = 10.0.40219.1
Project("{FAE04EC0-301F-11D3-BF4B-00C04F79EFBC}") = "VirtualWallet", "VirtualWallet\VirtualWallet.csproj", "{FEE2C0CD-6586-4BAB-B04B-39E1249E7B76}"
EndProject
Global
	GlobalSection(SolutionConfigurationPlatforms) = preSolution
		Debug|Any CPU = Debug|Any CPU
		Release|Any CPU = Release|Any CPU
	EndGlobalSection
	GlobalSection(ProjectConfigurationPlatforms) = postSolution
		{FEE2C0CD-6586-4BAB-B04B-39E1249E7B76}.Debug|Any CPU.ActiveCfg = Debug|Any CPU
		{FEE2C0CD-6586-4BAB-B04B-39E1249E7B76}.Debug|Any CPU.Build.0 = Debug|Any CPU
		{FEE2C0CD-6586-4BAB-B04B-39E1249E7B76}.Release|Any CPU.ActiveCfg = Release|Any CPU
		{FEE2C0CD-6586-4BAB-B04B-39E1249E7B76}.Release|Any CPU.Build.0 = Release|Any CPU
	EndGlobalSection
	GlobalSection(SolutionProperties) = preSolution
		HideSolutionNode = FALSE
	EndGlobalSection
	GlobalSection(ExtensibilityGlobals) = postSolution
		SolutionGuid = {CF24761B-A775-4616-B986-9393AC389477}
	EndGlobalSection
EndGlobal
