
Microsoft Visual Studio Solution File, Format Version 12.00
# Visual Studio Version 17
VisualStudioVersion = 17.7.34202.233
MinimumVisualStudioVersion = 10.0.40219.1
Project("{9A19103F-16F7-4668-BE54-9A1E7A4F7556}") = "VirtualWallet", "VirtualWallet\VirtualWallet.csproj", "{A8FE67D3-EAF1-44D2-80AE-BC8649660C35}"
EndProject
Project("{9A19103F-16F7-4668-BE54-9A1E7A4F7556}") = "Clover", "Clover\Clover.csproj", "{1E5EFA52-F9E3-4E39-B555-A28247C80EA6}"
EndProject
Global
	GlobalSection(SolutionConfigurationPlatforms) = preSolution
		Debug|Any CPU = Debug|Any CPU
		Release|Any CPU = Release|Any CPU
	EndGlobalSection
	GlobalSection(ProjectConfigurationPlatforms) = postSolution
		{A8FE67D3-EAF1-44D2-80AE-BC8649660C35}.Debug|Any CPU.ActiveCfg = Debug|Any CPU
		{A8FE67D3-EAF1-44D2-80AE-BC8649660C35}.Debug|Any CPU.Build.0 = Debug|Any CPU
		{A8FE67D3-EAF1-44D2-80AE-BC8649660C35}.Release|Any CPU.ActiveCfg = Release|Any CPU
		{A8FE67D3-EAF1-44D2-80AE-BC8649660C35}.Release|Any CPU.Build.0 = Release|Any CPU
		{1E5EFA52-F9E3-4E39-B555-A28247C80EA6}.Debug|Any CPU.ActiveCfg = Debug|Any CPU
		{1E5EFA52-F9E3-4E39-B555-A28247C80EA6}.Debug|Any CPU.Build.0 = Debug|Any CPU
		{1E5EFA52-F9E3-4E39-B555-A28247C80EA6}.Release|Any CPU.ActiveCfg = Release|Any CPU
		{1E5EFA52-F9E3-4E39-B555-A28247C80EA6}.Release|Any CPU.Build.0 = Release|Any CPU
	EndGlobalSection
	GlobalSection(SolutionProperties) = preSolution
		HideSolutionNode = FALSE
	EndGlobalSection
	GlobalSection(ExtensibilityGlobals) = postSolution
		SolutionGuid = {EA6AB2A6-B287-49AE-A2B5-B8BD95E12E76}
	EndGlobalSection
EndGlobal
